
Microsoft Visual Studio Solution File, Format Version 12.00
# Visual Studio Version 16
VisualStudioVersion = 16.0.29324.140
MinimumVisualStudioVersion = 10.0.40219.1
Project("{9A19103F-16F7-4668-BE54-9A1E7A4F7556}") = "Traktor.Core", "TrakTor.Core\Traktor.Core.csproj", "{179A3854-F6EA-4109-B575-8CDC3FFC480A}"
EndProject
Project("{9A19103F-16F7-4668-BE54-9A1E7A4F7556}") = "Traktor.Console", "Traktor.Console\Traktor.Console.csproj", "{A4F6FE01-26E1-4455-958E-16EB31E88F4C}"
EndProject
Project("{9A19103F-16F7-4668-BE54-9A1E7A4F7556}") = "Traktor.Web", "Traktor.Web\Traktor.Web.csproj", "{A9753361-ADC4-4EF3-A1BE-184DB42A72DA}"
EndProject
Project("{9A19103F-16F7-4668-BE54-9A1E7A4F7556}") = "MonoTorrent", "..\..\..\Projects\monotorrent\src\MonoTorrent\MonoTorrent.csproj", "{941FC721-773E-47FF-AAE1-F899A91F50D4}"
EndProject
Global
	GlobalSection(SolutionConfigurationPlatforms) = preSolution
		Debug|Any CPU = Debug|Any CPU
		Release|Any CPU = Release|Any CPU
	EndGlobalSection
	GlobalSection(ProjectConfigurationPlatforms) = postSolution
		{179A3854-F6EA-4109-B575-8CDC3FFC480A}.Debug|Any CPU.ActiveCfg = Debug|Any CPU
		{179A3854-F6EA-4109-B575-8CDC3FFC480A}.Debug|Any CPU.Build.0 = Debug|Any CPU
		{179A3854-F6EA-4109-B575-8CDC3FFC480A}.Release|Any CPU.ActiveCfg = Release|Any CPU
		{179A3854-F6EA-4109-B575-8CDC3FFC480A}.Release|Any CPU.Build.0 = Release|Any CPU
		{A4F6FE01-26E1-4455-958E-16EB31E88F4C}.Debug|Any CPU.ActiveCfg = Debug|Any CPU
		{A4F6FE01-26E1-4455-958E-16EB31E88F4C}.Debug|Any CPU.Build.0 = Debug|Any CPU
		{A4F6FE01-26E1-4455-958E-16EB31E88F4C}.Release|Any CPU.ActiveCfg = Release|Any CPU
		{A4F6FE01-26E1-4455-958E-16EB31E88F4C}.Release|Any CPU.Build.0 = Release|Any CPU
		{A9753361-ADC4-4EF3-A1BE-184DB42A72DA}.Debug|Any CPU.ActiveCfg = Debug|Any CPU
		{A9753361-ADC4-4EF3-A1BE-184DB42A72DA}.Debug|Any CPU.Build.0 = Debug|Any CPU
		{A9753361-ADC4-4EF3-A1BE-184DB42A72DA}.Release|Any CPU.ActiveCfg = Release|Any CPU
		{A9753361-ADC4-4EF3-A1BE-184DB42A72DA}.Release|Any CPU.Build.0 = Release|Any CPU
		{941FC721-773E-47FF-AAE1-F899A91F50D4}.Debug|Any CPU.ActiveCfg = Debug|Any CPU
		{941FC721-773E-47FF-AAE1-F899A91F50D4}.Debug|Any CPU.Build.0 = Debug|Any CPU
		{941FC721-773E-47FF-AAE1-F899A91F50D4}.Release|Any CPU.ActiveCfg = Release|Any CPU
		{941FC721-773E-47FF-AAE1-F899A91F50D4}.Release|Any CPU.Build.0 = Release|Any CPU
	EndGlobalSection
	GlobalSection(SolutionProperties) = preSolution
		HideSolutionNode = FALSE
	EndGlobalSection
	GlobalSection(ExtensibilityGlobals) = postSolution
		SolutionGuid = {82AAF4D5-60D3-4118-8ECB-D7E94107F7C6}
	EndGlobalSection
EndGlobal
